github.com/moonidelight/go_course/module v0.0.0-20230204170907-088c415d64f2 h1:OCWfP+wa3tJ5SbhPI5+6fPoWqpNzZuo4FOL1KhiRKy0=
github.com/moonidelight/go_course/module v0.0.0-20230204170907-088c415d64f2/go.mod h1:ozroESGlPHmfNFWQl9CoAHYyLYjs4g2mw14dTKc5pic=
github.com/moonidelight/go_course/module v0.0.0-20230204180024-b625833e4885 h1:j82SnUTvziQEyUC6+cYuuqKf10K+83nomW5xkBsEn8U=
github.com/moonidelight/go_course/module v0.0.0-20230204180024-b625833e4885/go.mod h1:ozroESGlPHmfNFWQl9CoAHYyLYjs4g2mw14dTKc5pic=
